schema: '2.0'
stages:
  preprocess:
    cmd: python src/preprocess.py
    deps:
    - path: data/raw/New_Data.csv
      hash: md5
      md5: 496aee8fbfdfa1dfb6daa9dbca5d1a01
      size: 684858
    - path: params.yaml
      hash: md5
      md5: 4d440feacb36cfaaa3d1b23f18a8877f
      size: 237
    - path: src/preprocess.py
      hash: md5
      md5: 2b4d3dc7383b147cbbc581614dee5940
      size: 2255
    outs:
    - path: data/processed/test.pkl
      hash: md5
      md5: 7344b0cd71efb8ab33a57928a63198d1
      size: 240899
    - path: data/processed/train.pkl
      hash: md5
      md5: 2e53571bcca63d665da72f1d3e2f45e9
      size: 960899
    - path: models/preprocessor.pkl
      hash: md5
      md5: a7213fee5102017702c82de8f559cf9e
      size: 4055
  train:
    cmd: python src/train.py
    deps:
    - path: data/processed/test.pkl
      hash: md5
      md5: 7344b0cd71efb8ab33a57928a63198d1
      size: 240899
    - path: data/processed/train.pkl
      hash: md5
      md5: 2e53571bcca63d665da72f1d3e2f45e9
      size: 960899
    - path: params.yaml
      hash: md5
      md5: 4d440feacb36cfaaa3d1b23f18a8877f
      size: 237
    - path: src/train.py
      hash: md5
      md5: fa880019d9c03323003376ec4db124ec
      size: 3028
    outs:
    - path: models/best_model.pkl
      hash: md5
      md5: aca63daefc5c01a0c28698013a70e403
      size: 453539
  evaluate:
    cmd: python src/evaluate.py
    deps:
    - path: data/processed/test.pkl
      hash: md5
      md5: 7344b0cd71efb8ab33a57928a63198d1
      size: 240899
    - path: models/best_model.pkl
      hash: md5
      md5: aca63daefc5c01a0c28698013a70e403
      size: 453539
    - path: src/evaluate.py
      hash: md5
      md5: 1fac23cbfb3a1ea5a114a0570a6df954
      size: 1395
    outs:
    - path: reports/confusion_matrix.png
      hash: md5
      md5: 3f445a27698c8081996ac8d2ef31aa48
      size: 15329
    - path: reports/metrics.json
      hash: md5
      md5: 9f924e8fb356081ea44e0c514b4681d3
      size: 64
