schema: '2.0'
stages:
  preprocess:
    cmd: python src/preprocess.py
    deps:
    - path: data/raw/Churn_Modelling.csv
      hash: md5
      md5: 496aee8fbfdfa1dfb6daa9dbca5d1a01
      size: 684858
    - path: params.yaml
      hash: md5
      md5: 922413b700fef62b982cf9c9aeced07b
      size: 237
    - path: src/preprocess.py
      hash: md5
      md5: ac1f5b8d481db7450129bdf9b7daa9e7
      size: 2262
    outs:
    - path: data/processed/test.pkl
      hash: md5
      md5: 7344b0cd71efb8ab33a57928a63198d1
      size: 240899
    - path: data/processed/train.pkl
      hash: md5
      md5: 2e53571bcca63d665da72f1d3e2f45e9
      size: 960899
    - path: models/preprocessor.pkl
      hash: md5
      md5: a7213fee5102017702c82de8f559cf9e
      size: 4055
  train:
    cmd: python src/train.py
    deps:
    - path: data/processed/test.pkl
      hash: md5
      md5: 7344b0cd71efb8ab33a57928a63198d1
      size: 240899
    - path: data/processed/train.pkl
      hash: md5
      md5: 2e53571bcca63d665da72f1d3e2f45e9
      size: 960899
    - path: params.yaml
      hash: md5
      md5: 922413b700fef62b982cf9c9aeced07b
      size: 237
    - path: src/train.py
      hash: md5
      md5: fa880019d9c03323003376ec4db124ec
      size: 3028
    outs:
    - path: models/best_model.pkl
      hash: md5
      md5: e4fb28a04547c45882d5af6be3712ed7
      size: 341251
  evaluate:
    cmd: python src/evaluate.py
    deps:
    - path: data/processed/test.pkl
      hash: md5
      md5: 7344b0cd71efb8ab33a57928a63198d1
      size: 240899
    - path: models/best_model.pkl
      hash: md5
      md5: e4fb28a04547c45882d5af6be3712ed7
      size: 341251
    - path: src/evaluate.py
      hash: md5
      md5: 1fac23cbfb3a1ea5a114a0570a6df954
      size: 1395
    outs:
    - path: reports/confusion_matrix.png
      hash: md5
      md5: a4dfd5a6d70c7dec6f2db89b41f6e1e7
      size: 15243
    - path: reports/metrics.json
      hash: md5
      md5: 41d56f6dbea979d02c051f8428fc0d6e
      size: 64
